
Microsoft Visual Studio Solution File, Format Version 12.00
# Visual Studio Version 16
VisualStudioVersion = 16.0.30711.63
MinimumVisualStudioVersion = 10.0.40219.1
Project("{9A19103F-16F7-4668-BE54-9A1E7A4F7556}") = "BitfinexApi", "BitfinexApi\BitfinexApi.csproj", "{E692FB4B-FAA0-4A5F-8185-FA5AD5E01065}"
EndProject
Project("{9A19103F-16F7-4668-BE54-9A1E7A4F7556}") = "BitfinexApp", "BitfinexApp\BitfinexApp.csproj", "{634236F9-F194-4314-8269-30C7C0130669}"
EndProject
Global
	GlobalSection(SolutionConfigurationPlatforms) = preSolution
		Debug|Any CPU = Debug|Any CPU
		Release|Any CPU = Release|Any CPU
	EndGlobalSection
	GlobalSection(ProjectConfigurationPlatforms) = postSolution
		{E692FB4B-FAA0-4A5F-8185-FA5AD5E01065}.Debug|Any CPU.ActiveCfg = Debug|Any CPU
		{E692FB4B-FAA0-4A5F-8185-FA5AD5E01065}.Debug|Any CPU.Build.0 = Debug|Any CPU
		{E692FB4B-FAA0-4A5F-8185-FA5AD5E01065}.Release|Any CPU.ActiveCfg = Release|Any CPU
		{E692FB4B-FAA0-4A5F-8185-FA5AD5E01065}.Release|Any CPU.Build.0 = Release|Any CPU
		{634236F9-F194-4314-8269-30C7C0130669}.Debug|Any CPU.ActiveCfg = Debug|Any CPU
		{634236F9-F194-4314-8269-30C7C0130669}.Debug|Any CPU.Build.0 = Debug|Any CPU
		{634236F9-F194-4314-8269-30C7C0130669}.Release|Any CPU.ActiveCfg = Release|Any CPU
		{634236F9-F194-4314-8269-30C7C0130669}.Release|Any CPU.Build.0 = Release|Any CPU
	EndGlobalSection
	GlobalSection(SolutionProperties) = preSolution
		HideSolutionNode = FALSE
	EndGlobalSection
	GlobalSection(ExtensibilityGlobals) = postSolution
		SolutionGuid = {0C9DEB82-E6E4-4F51-AB9E-46074732D1F7}
	EndGlobalSection
EndGlobal
